
Microsoft Visual Studio Solution File, Format Version 12.00
# Visual Studio Version 16
VisualStudioVersion = 16.0.29009.5
MinimumVisualStudioVersion = 10.0.40219.1
Project("{9A19103F-16F7-4668-BE54-9A1E7A4F7556}") = "NServiceBus.AcceptanceTesting", "NServiceBus.AcceptanceTesting.csproj", "{14D39B10-5224-4E60-81E5-3348A21DFD17}"
EndProject
Global
	GlobalSection(SolutionConfigurationPlatforms) = preSolution
		Debug|Any CPU = Debug|Any CPU
		Release|Any CPU = Release|Any CPU
	EndGlobalSection
	GlobalSection(ProjectConfigurationPlatforms) = postSolution
		{14D39B10-5224-4E60-81E5-3348A21DFD17}.Debug|Any CPU.ActiveCfg = Debug|Any CPU
		{14D39B10-5224-4E60-81E5-3348A21DFD17}.Debug|Any CPU.Build.0 = Debug|Any CPU
		{14D39B10-5224-4E60-81E5-3348A21DFD17}.Release|Any CPU.ActiveCfg = Release|Any CPU
		{14D39B10-5224-4E60-81E5-3348A21DFD17}.Release|Any CPU.Build.0 = Release|Any CPU
	EndGlobalSection
	GlobalSection(SolutionProperties) = preSolution
		HideSolutionNode = FALSE
	EndGlobalSection
	GlobalSection(ExtensibilityGlobals) = postSolution
		SolutionGuid = {3EF0F723-9011-45F6-9870-1B0EF9BF8AC3}
	EndGlobalSection
EndGlobal
