
Microsoft Visual Studio Solution File, Format Version 12.00
# Visual Studio Version 17
VisualStudioVersion = 17.0.31808.319
MinimumVisualStudioVersion = 10.0.40219.1
Project("{9A19103F-16F7-4668-BE54-9A1E7A4F7556}") = "MyService", "MyService\MyService.csproj", "{AB7F9FB9-B79B-47BF-A42E-CD6DB62E0E40}"
EndProject
Project("{9A19103F-16F7-4668-BE54-9A1E7A4F7556}") = "MyOtherService", "MyOtherService\MyOtherService.csproj", "{C95878F3-DA0D-4760-8A64-0620EE62725B}"
EndProject
Project("{9A19103F-16F7-4668-BE54-9A1E7A4F7556}") = "MyMessages", "MyMessages\MyMessages.csproj", "{D998B309-33DB-449E-85EC-C9EE951128AD}"
EndProject
Project("{9A19103F-16F7-4668-BE54-9A1E7A4F7556}") = "MySystem.AcceptanceTests", "MySystem.AcceptanceTests\MySystem.AcceptanceTests.csproj", "{6C53ED36-0F82-4F62-A94A-43D92D3AC6F3}"
EndProject
Project("{9A19103F-16F7-4668-BE54-9A1E7A4F7556}") = "NServiceBus.IntegrationTesting", "NServiceBus.IntegrationTesting\NServiceBus.IntegrationTesting.csproj", "{A1DF8428-D478-4FAA-9237-AA36D4C83732}"
EndProject
Project("{9A19103F-16F7-4668-BE54-9A1E7A4F7556}") = "NServiceBus.AssemblyScanner.Extensions", "NServiceBus.AssemblyScanner.Extensions\NServiceBus.AssemblyScanner.Extensions.csproj", "{DA921CE7-6B53-4196-8567-B0197E773043}"
EndProject
Project("{9A19103F-16F7-4668-BE54-9A1E7A4F7556}") = "NServiceBus.IntegrationTesting.Tests", "NServiceBus.IntegrationTesting.Tests\NServiceBus.IntegrationTesting.Tests.csproj", "{18A4490B-641E-471C-9A53-02C4AAB69551}"
EndProject
Project("{9A19103F-16F7-4668-BE54-9A1E7A4F7556}") = "Snippets", "Snippets\Snippets.csproj", "{927BC675-5940-43C6-BB97-96DA64CBA6D0}"
EndProject
Project("{9A19103F-16F7-4668-BE54-9A1E7A4F7556}") = "NServiceBus.IntegrationTesting.Tests.TestEndpoint", "NServiceBus.IntegrationTesting.Tests.TestEndpoint\NServiceBus.IntegrationTesting.Tests.TestEndpoint.csproj", "{A830D9C2-07D2-49F3-996A-9AE9EE85B38B}"
EndProject
Project("{9A19103F-16F7-4668-BE54-9A1E7A4F7556}") = "MyService.TestProxy", "MyService.TestProxy\MyService.TestProxy.csproj", "{B97F3CE4-5247-4490-93F0-DD382A3209C2}"
EndProject
Project("{FAE04EC0-301F-11D3-BF4B-00C04F79EFBC}") = "NServiceBus.IntegrationTesting.OutOfProcess.Nsb8", "NServiceBus.IntegrationTesting.OutOfProcess.Nsb8\NServiceBus.IntegrationTesting.OutOfProcess.Nsb8.csproj", "{E79EB2FD-6C56-4DAF-8E4B-D819D5F7EC0B}"
EndProject
Project("{FAE04EC0-301F-11D3-BF4B-00C04F79EFBC}") = "NServiceBus.IntegrationTesting.OutOfProcess", "NServiceBus.IntegrationTesting.OutOfProcess\NServiceBus.IntegrationTesting.OutOfProcess.csproj", "{AEF55741-1636-427C-8CD0-AF6494B8F9A7}"
EndProject
Project("{FAE04EC0-301F-11D3-BF4B-00C04F79EFBC}") = "NServiceBus.IntegrationTesting.Model", "NServiceBus.IntegrationTesting.Model\NServiceBus.IntegrationTesting.Model.csproj", "{ABC00FEA-AE54-43F5-BCFC-85AEEA90E006}"
EndProject
Global
	GlobalSection(SolutionConfigurationPlatforms) = preSolution
		Debug|Any CPU = Debug|Any CPU
		Release|Any CPU = Release|Any CPU
	EndGlobalSection
	GlobalSection(ProjectConfigurationPlatforms) = postSolution
		{AB7F9FB9-B79B-47BF-A42E-CD6DB62E0E40}.Debug|Any CPU.ActiveCfg = Debug|Any CPU
		{AB7F9FB9-B79B-47BF-A42E-CD6DB62E0E40}.Debug|Any CPU.Build.0 = Debug|Any CPU
		{AB7F9FB9-B79B-47BF-A42E-CD6DB62E0E40}.Release|Any CPU.ActiveCfg = Release|Any CPU
		{AB7F9FB9-B79B-47BF-A42E-CD6DB62E0E40}.Release|Any CPU.Build.0 = Release|Any CPU
		{C95878F3-DA0D-4760-8A64-0620EE62725B}.Debug|Any CPU.ActiveCfg = Debug|Any CPU
		{C95878F3-DA0D-4760-8A64-0620EE62725B}.Debug|Any CPU.Build.0 = Debug|Any CPU
		{C95878F3-DA0D-4760-8A64-0620EE62725B}.Release|Any CPU.ActiveCfg = Release|Any CPU
		{C95878F3-DA0D-4760-8A64-0620EE62725B}.Release|Any CPU.Build.0 = Release|Any CPU
		{D998B309-33DB-449E-85EC-C9EE951128AD}.Debug|Any CPU.ActiveCfg = Debug|Any CPU
		{D998B309-33DB-449E-85EC-C9EE951128AD}.Debug|Any CPU.Build.0 = Debug|Any CPU
		{D998B309-33DB-449E-85EC-C9EE951128AD}.Release|Any CPU.ActiveCfg = Release|Any CPU
		{D998B309-33DB-449E-85EC-C9EE951128AD}.Release|Any CPU.Build.0 = Release|Any CPU
		{6C53ED36-0F82-4F62-A94A-43D92D3AC6F3}.Debug|Any CPU.ActiveCfg = Debug|Any CPU
		{6C53ED36-0F82-4F62-A94A-43D92D3AC6F3}.Debug|Any CPU.Build.0 = Debug|Any CPU
		{6C53ED36-0F82-4F62-A94A-43D92D3AC6F3}.Release|Any CPU.ActiveCfg = Release|Any CPU
		{6C53ED36-0F82-4F62-A94A-43D92D3AC6F3}.Release|Any CPU.Build.0 = Release|Any CPU
		{A1DF8428-D478-4FAA-9237-AA36D4C83732}.Debug|Any CPU.ActiveCfg = Debug|Any CPU
		{A1DF8428-D478-4FAA-9237-AA36D4C83732}.Debug|Any CPU.Build.0 = Debug|Any CPU
		{A1DF8428-D478-4FAA-9237-AA36D4C83732}.Release|Any CPU.ActiveCfg = Release|Any CPU
		{A1DF8428-D478-4FAA-9237-AA36D4C83732}.Release|Any CPU.Build.0 = Release|Any CPU
		{DA921CE7-6B53-4196-8567-B0197E773043}.Debug|Any CPU.ActiveCfg = Debug|Any CPU
		{DA921CE7-6B53-4196-8567-B0197E773043}.Debug|Any CPU.Build.0 = Debug|Any CPU
		{DA921CE7-6B53-4196-8567-B0197E773043}.Release|Any CPU.ActiveCfg = Release|Any CPU
		{DA921CE7-6B53-4196-8567-B0197E773043}.Release|Any CPU.Build.0 = Release|Any CPU
		{18A4490B-641E-471C-9A53-02C4AAB69551}.Debug|Any CPU.ActiveCfg = Debug|Any CPU
		{18A4490B-641E-471C-9A53-02C4AAB69551}.Debug|Any CPU.Build.0 = Debug|Any CPU
		{18A4490B-641E-471C-9A53-02C4AAB69551}.Release|Any CPU.ActiveCfg = Release|Any CPU
		{18A4490B-641E-471C-9A53-02C4AAB69551}.Release|Any CPU.Build.0 = Release|Any CPU
		{927BC675-5940-43C6-BB97-96DA64CBA6D0}.Debug|Any CPU.ActiveCfg = Debug|Any CPU
		{927BC675-5940-43C6-BB97-96DA64CBA6D0}.Debug|Any CPU.Build.0 = Debug|Any CPU
		{927BC675-5940-43C6-BB97-96DA64CBA6D0}.Release|Any CPU.ActiveCfg = Release|Any CPU
		{927BC675-5940-43C6-BB97-96DA64CBA6D0}.Release|Any CPU.Build.0 = Release|Any CPU
		{A830D9C2-07D2-49F3-996A-9AE9EE85B38B}.Debug|Any CPU.ActiveCfg = Debug|Any CPU
		{A830D9C2-07D2-49F3-996A-9AE9EE85B38B}.Debug|Any CPU.Build.0 = Debug|Any CPU
		{A830D9C2-07D2-49F3-996A-9AE9EE85B38B}.Release|Any CPU.ActiveCfg = Release|Any CPU
		{A830D9C2-07D2-49F3-996A-9AE9EE85B38B}.Release|Any CPU.Build.0 = Release|Any CPU
		{B97F3CE4-5247-4490-93F0-DD382A3209C2}.Debug|Any CPU.ActiveCfg = Debug|Any CPU
		{B97F3CE4-5247-4490-93F0-DD382A3209C2}.Debug|Any CPU.Build.0 = Debug|Any CPU
		{B97F3CE4-5247-4490-93F0-DD382A3209C2}.Release|Any CPU.ActiveCfg = Release|Any CPU
		{B97F3CE4-5247-4490-93F0-DD382A3209C2}.Release|Any CPU.Build.0 = Release|Any CPU
		{E79EB2FD-6C56-4DAF-8E4B-D819D5F7EC0B}.Debug|Any CPU.ActiveCfg = Debug|Any CPU
		{E79EB2FD-6C56-4DAF-8E4B-D819D5F7EC0B}.Debug|Any CPU.Build.0 = Debug|Any CPU
		{E79EB2FD-6C56-4DAF-8E4B-D819D5F7EC0B}.Release|Any CPU.ActiveCfg = Release|Any CPU
		{E79EB2FD-6C56-4DAF-8E4B-D819D5F7EC0B}.Release|Any CPU.Build.0 = Release|Any CPU
		{AEF55741-1636-427C-8CD0-AF6494B8F9A7}.Debug|Any CPU.ActiveCfg = Debug|Any CPU
		{AEF55741-1636-427C-8CD0-AF6494B8F9A7}.Debug|Any CPU.Build.0 = Debug|Any CPU
		{AEF55741-1636-427C-8CD0-AF6494B8F9A7}.Release|Any CPU.ActiveCfg = Release|Any CPU
		{AEF55741-1636-427C-8CD0-AF6494B8F9A7}.Release|Any CPU.Build.0 = Release|Any CPU
		{ABC00FEA-AE54-43F5-BCFC-85AEEA90E006}.Debug|Any CPU.ActiveCfg = Debug|Any CPU
		{ABC00FEA-AE54-43F5-BCFC-85AEEA90E006}.Debug|Any CPU.Build.0 = Debug|Any CPU
		{ABC00FEA-AE54-43F5-BCFC-85AEEA90E006}.Release|Any CPU.ActiveCfg = Release|Any CPU
		{ABC00FEA-AE54-43F5-BCFC-85AEEA90E006}.Release|Any CPU.Build.0 = Release|Any CPU
	EndGlobalSection
	GlobalSection(SolutionProperties) = preSolution
		HideSolutionNode = FALSE
	EndGlobalSection
	GlobalSection(ExtensibilityGlobals) = postSolution
		SolutionGuid = {3C0FEF95-8E13-4EEB-B61A-6010186E8A71}
	EndGlobalSection
EndGlobal
